<Solution>
  <Project Path="src/L2.Studio.Api/L2.Studio.Api.csproj" />
  <Project Path="src/L2.Studio.Configurations/L2.Studio.Configurations.csproj" />
  <Project Path="src/L2.Studio.Context/L2.Studio.Context.csproj" />
  <Project Path="src/L2.Studio.Contracts/L2.Studio.Contracts.csproj" />
  <Project Path="src/L2.Studio.Exceptions/L2.Studio.Exceptions.csproj" />
  <Project Path="src/L2.Studio.Migrations/L2.Studio.Migrations.csproj" />
  <Project Path="src/L2.Studio.Repositories.Interfaces/L2.Studio.Repositories.Interfaces.csproj" />
  <Project Path="src/L2.Studio.Repositories/L2.Studio.Repositories.csproj" />
  <Project Path="src/L2.Studio.Services.Interfaces/L2.Studio.Services.Interfaces.csproj" />
  <Project Path="src/L2.Studio.Services/L2.Studio.Services.csproj" />
  <Project Path="src/L2.Studio.Worker/L2.Studio.Worker.csproj" />
  <Project Path="src/L2.Tools.AudioConverter/L2.Tools.AudioConverter.csproj" />
  <Project Path="src/L2.Tools.PackageReader/L2.Tools.PackageReader.csproj" />
  <Project Path="src/L2.Tools.StaticMeshConverter/L2.Tools.StaticMeshConverter.csproj" />
  <Project Path="src/L2.Tools.TextureConverter/L2.Tools.TextureConverter.csproj" />
</Solution>
